schema: '2.0'
stages:
  get-data:
    cmd: python get-data.py
    deps:
    - path: get-data.py
      hash: md5
      md5: 4e7d944e82a445a529cfa5bd2ed52c42
      size: 3961
    outs:
    - path: ../raw/arts-council-investment-programme.csv
      hash: md5
      md5: 94029bd4c4fac2b2a140244d32312e22
      size: 134381
    - path: ../raw/arts-council-project-grants.csv
      hash: md5
      md5: 7d8cf76255dfd096ae1d1e4b9938c458
      size: 3127400
    - path: ../raw/company-data.zip
      hash: md5
      md5: 473006274c4f91111062161b68ff4aee
      size: 486510044
  load-data:
    cmd: papermill load-data.ipynb - | jupyter nbconvert --stdin --stdout --to markdown
    deps:
    - path: ../raw/charity-area-data.zip
      hash: md5
      md5: f6693e334bd247868502cd30e967147a
      size: 4232474
    - path: ../raw/charity-data.zip
      hash: md5
      md5: bfc9793ab66de3750a20e416c6604225
      size: 42793919
    - path: ../raw/company-data.zip
      hash: md5
      md5: 473006274c4f91111062161b68ff4aee
      size: 486510044
    - path: load-data.ipynb
      hash: md5
      md5: 22837e498633ff1763ad3c7eeb680f1d
      size: 5648
    outs:
    - path: ../raw/company-data.db
      hash: md5
      md5: 1f58d39677e60037f346095708e8a058
      size: 615264256
  arts-council:
    cmd: "papermill arts-council.ipynb - | jupyter nbconvert --stdin --to markdown
      --output index --output-dir ../src//pipelines/arts-council\n"
    deps:
    - path: ../raw/arts-council-investment-programme.csv
      hash: md5
      md5: 94029bd4c4fac2b2a140244d32312e22
      size: 134381
    - path: ../raw/arts-council-project-grants.csv
      hash: md5
      md5: 7d8cf76255dfd096ae1d1e4b9938c458
      size: 3127400
    - path: arts-council.ipynb
      hash: md5
      md5: cf4cc872cd6be5af619a0f625bf31fe0
      size: 7178
    outs:
    - path: ../src//data/arts-council/investment-programme/_data/funding_by_organisation.csv
      hash: md5
      md5: 6118a80cefbd6b21b5c101c37a4f5408
      size: 2581
    - path: ../src//data/arts-council/investment-programme/_data/investment_by_lad.csv
      hash: md5
      md5: a6368ebcdaf2fb1428506f1275c797fb
      size: 236
    - path: 
        ../src//data/arts-council/project-grants/_data/grants_average_award_by_lad_by_year.csv
      hash: md5
      md5: bac54e3cb9d61e269d3ed413817d7aed
      size: 414
    - path: ../src//data/arts-council/project-grants/_data/grants_by_recipient.csv
      hash: md5
      md5: 7d8701a276a7680d4ba2b50f42d1a788
      size: 5983
    - path: ../src//data/arts-council/project-grants/_data/grants_count_by_lad_by_year.csv
      hash: md5
      md5: 3e2f31cee978fcef6652e5d105974f93
      size: 254
    - path: ../src//data/arts-council/project-grants/_data/grants_value_by_lad_by_year.csv
      hash: md5
      md5: 75ea9774f16214d304d3a6b4325c516e
      size: 565
