schema: '2.0'
stages:
  one:
    cmd: jupyter nbconvert stage-1.ipynb --to markdown --output-dir ../../src/insight/culture-landscape/pipelines
    deps:
    - path: ../../raw/arts-council-investment-programme.csv
      hash: md5
      md5: ff7b2b09f0222bacddb380da7b7d8024
      size: 134382
    - path: ../../raw/arts-council-project-grants.csv
      hash: md5
      md5: e16afeedaf4d4ab5c460fc3e8988c496
      size: 3034384
    - path: config.py
      hash: md5
      md5: c9a12355d1e6df792c6748af04a5f9f1
      size: 251
    - path: stage-1.ipynb
      hash: md5
      md5: b5177323487b50bae18e084a8f5453f0
      size: 4398
    outs:
    - path: ../../raw/culture-landscape/funded-organisations.csv
      hash: md5
      md5: 2911dc3e9b2d629853b3fc457aae23db
      size: 27544
  stage-1:
    cmd: papermill stage-1.ipynb | jupyter nbconvert --stdin --to markdown --output
      stage-1 --output-dir ../../src/regional/culture-sector/pipelines
    deps:
    - path: ../../raw/arts-council-investment-programme.csv
      hash: md5
      md5: 94029bd4c4fac2b2a140244d32312e22
      size: 134381
    - path: ../../raw/arts-council-project-grants.csv
      hash: md5
      md5: 7d8cf76255dfd096ae1d1e4b9938c458
      size: 3127400
    - path: config.py
      hash: md5
      md5: fba05f4aef73d8c92e58a99ae84a6bf8
      size: 357
    - path: stage-1.ipynb
      hash: md5
      md5: 8104ce52177aa49d49afdd82057e3948
      size: 4398
    outs:
    - path: ../../raw/culture-landscape/funded-organisations.csv
      hash: md5
      md5: 5a2cb7c8a9037c4e5e9bac074e2215ed
      size: 27940
  stage-2:
    cmd: papermill stage-2.ipynb | jupyter nbconvert --stdin --to markdown --output
      stage-2 --output-dir ../../src/regional/culture-sector/pipelines
    deps:
    - path: ../../raw/company-data.db
      hash: md5
      md5: 1f58d39677e60037f346095708e8a058
      size: 615264256
    - path: ../../raw/culture-landscape/funded-organisations.csv
      hash: md5
      md5: 5a2cb7c8a9037c4e5e9bac074e2215ed
      size: 27940
    - path: stage-2.ipynb
      hash: md5
      md5: b897a5a0fa642683698c6bf5ee076f0f
      size: 13207
    outs:
    - path: ../../raw/culture-landscape/2-charity-match-direct.csv
      hash: md5
      md5: 93393c000e76bc4c8e51d69af1954399
      size: 627
    - path: ../../raw/culture-landscape/2-company-corrections.csv
      hash: md5
      md5: dd7c0e9afa11890bf5c5303d9caf8ccf
      size: 156
    - path: ../../raw/culture-landscape/2-company-match-direct.csv
      hash: md5
      md5: bd4c4841ba3e0c0294c3d3ddfb322891
      size: 2484
    - path: ../../raw/culture-landscape/2-company-match-fuzzy.csv
      hash: md5
      md5: da6a5f283594c889c483f652e5f4f483
      size: 2964
    - path: ../../raw/culture-landscape/2-sic-codes.csv
      hash: md5
      md5: 1c9e391da39779acd2735fb702561063
      size: 748
  stage-3:
    cmd: papermill stage-3.ipynb | jupyter nbconvert --stdin --to markdown --output
      stage-3 --output-dir ../../src/regional/culture-sector/pipelines
    deps:
    - path: ../../raw/company-data.db
      hash: md5
      md5: 1f58d39677e60037f346095708e8a058
      size: 615264256
    - path: ../../raw/culture-landscape/2-charity-match-direct.csv
      hash: md5
      md5: 93393c000e76bc4c8e51d69af1954399
      size: 627
    - path: ../../raw/culture-landscape/2-company-corrections.csv
      hash: md5
      md5: dd7c0e9afa11890bf5c5303d9caf8ccf
      size: 156
    - path: ../../raw/culture-landscape/2-company-match-direct.csv
      hash: md5
      md5: bd4c4841ba3e0c0294c3d3ddfb322891
      size: 2484
    - path: ../../raw/culture-landscape/2-company-match-fuzzy.csv
      hash: md5
      md5: da6a5f283594c889c483f652e5f4f483
      size: 2964
    - path: ../../raw/culture-landscape/funded-organisations.csv
      hash: md5
      md5: 5a2cb7c8a9037c4e5e9bac074e2215ed
      size: 27940
    - path: stage-3.ipynb
      hash: md5
      md5: b13faeace9e560badca75cad72db3cfd
      size: 47581
    outs:
    - path: ../../data/culture_landscape.csv
      hash: md5
      md5: 5a3234191ec8fe3bca2729eaff55335a
      size: 220803
  prepare:
    cmd: papermill stage-4-prepare.ipynb | jupyter nbconvert --stdin --to markdown
      --output stage-4-prepare --output-dir ../../src/regional/culture-sector/pipelines
    deps:
    - path: ../../data/culture_landscape.csv
      hash: md5
      md5: 5a3234191ec8fe3bca2729eaff55335a
      size: 220803
    outs:
    - path: ../../src/regional/culture-sector/_data/list.csv
      hash: md5
      md5: 9022027865a240903cd31b137df3abfc
      size: 134244
    - path: ../../src/regional/culture-sector/_data/sic_code_count.json
      hash: md5
      md5: 10cb0d05b6151c03533999c64e73b657
      size: 6563
    - path: ../../src/regional/culture-sector/_data/summary.json
      hash: md5
      md5: 4168e6d2930e8851f4506c6d5133518e
      size: 252
